// !$*UTF8*$!
{
	archiveVersion = 1;
	classes = {
	};
	objectVersion = 50;
	objects = {

/* Begin PBXBuildFile section */
		0C33AA03AFDBB3F95CB3CCF6 /* Pods_HtmlTextView.framework in Frameworks */ = {isa = PBXBuildFile; fileRef = C063CA9E4EB2DEE0FCAD127F /* Pods_HtmlTextView.framework */; };
		2D73B22626F0BD8B00EE7C1A /* HtmlTextView.h in Headers */ = {isa = PBXBuildFile; fileRef = 2D73B22426F0BD8B00EE7C1A /* HtmlTextView.h */; settings = {ATTRIBUTES = (Public, ); }; };
		2D73B22D26F0BDC800EE7C1A /* HtmlTextView.swift in Sources */ = {isa = PBXBuildFile; fileRef = 2D73B22C26F0BDC800EE7C1A /* HtmlTextView.swift */; };
/* End PBXBuildFile section */

/* Begin PBXFileReference section */
		2D73B22126F0BD8B00EE7C1A /* HtmlTextView.framework */ = {isa = PBXFileReference; explicitFileType = wrapper.framework; includeInIndex = 0; path = HtmlTextView.framework; sourceTree = BUILT_PRODUCTS_DIR; };
		2D73B22426F0BD8B00EE7C1A /* HtmlTextView.h */ = {isa = PBXFileReference; lastKnownFileType = sourcecode.c.h; path = HtmlTextView.h; sourceTree = "<group>"; };
		2D73B22526F0BD8B00EE7C1A /* Info.plist */ = {isa = PBXFileReference; lastKnownFileType = text.plist.xml; path = Info.plist; sourceTree = "<group>"; };
		2D73B22C26F0BDC800EE7C1A /* HtmlTextView.swift */ = {isa = PBXFileReference; lastKnownFileType = sourcecode.swift; path = HtmlTextView.swift; sourceTree = "<group>"; };
		6EA2651AFF60F46E86BCD359 /* Pods-HtmlTextView.debug.xcconfig */ = {isa = PBXFileReference; includeInIndex = 1; lastKnownFileType = text.xcconfig; name = "Pods-HtmlTextView.debug.xcconfig"; path = "Target Support Files/Pods-HtmlTextView/Pods-HtmlTextView.debug.xcconfig"; sourceTree = "<group>"; };
		85F11D81BE4CD9C0F2AAA075 /* Pods-HtmlTextView.release.xcconfig */ = {isa = PBXFileReference; includeInIndex = 1; lastKnownFileType = text.xcconfig; name = "Pods-HtmlTextView.release.xcconfig"; path = "Target Support Files/Pods-HtmlTextView/Pods-HtmlTextView.release.xcconfig"; sourceTree = "<group>"; };
		C063CA9E4EB2DEE0FCAD127F /* Pods_HtmlTextView.framework */ = {isa = PBXFileReference; explicitFileType = wrapper.framework; includeInIndex = 0; path = Pods_HtmlTextView.framework; sourceTree = BUILT_PRODUCTS_DIR; };
/* End PBXFileReference section */

/* Begin PBXFrameworksBuildPhase section */
		2D73B21E26F0BD8B00EE7C1A /* Frameworks */ = {
			isa = PBXFrameworksBuildPhase;
			buildActionMask = 2147483647;
			files = (
				0C33AA03AFDBB3F95CB3CCF6 /* Pods_HtmlTextView.framework in Frameworks */,
			);
			runOnlyForDeploymentPostprocessing = 0;
		};
/* End PBXFrameworksBuildPhase section */

/* Begin PBXGroup section */
		22ACD0D1A81FFD7FC0BC9D5F /* Frameworks */ = {
			isa = PBXGroup;
			children = (
				C063CA9E4EB2DEE0FCAD127F /* Pods_HtmlTextView.framework */,
			);
			name = Frameworks;
			sourceTree = "<group>";
		};
		2D73B21726F0BD8B00EE7C1A = {
			isa = PBXGroup;
			children = (
				2D73B22326F0BD8B00EE7C1A /* HtmlTextView */,
				2D73B22226F0BD8B00EE7C1A /* Products */,
				88072717B2BFD00B45D19A6C /* Pods */,
				22ACD0D1A81FFD7FC0BC9D5F /* Frameworks */,
			);
			sourceTree = "<group>";
		};
		2D73B22226F0BD8B00EE7C1A /* Products */ = {
			isa = PBXGroup;
			children = (
				2D73B22126F0BD8B00EE7C1A /* HtmlTextView.framework */,
			);
			name = Products;
			sourceTree = "<group>";
		};
		2D73B22326F0BD8B00EE7C1A /* HtmlTextView */ = {
			isa = PBXGroup;
			children = (
				2D73B22426F0BD8B00EE7C1A /* HtmlTextView.h */,
				2D73B22526F0BD8B00EE7C1A /* Info.plist */,
				2D73B22C26F0BDC800EE7C1A /* HtmlTextView.swift */,
			);
			path = HtmlTextView;
			sourceTree = "<group>";
		};
		88072717B2BFD00B45D19A6C /* Pods */ = {
			isa = PBXGroup;
			children = (
				6EA2651AFF60F46E86BCD359 /* Pods-HtmlTextView.debug.xcconfig */,
				85F11D81BE4CD9C0F2AAA075 /* Pods-HtmlTextView.release.xcconfig */,
			);
			name = Pods;
			path = Pods;
			sourceTree = "<group>";
		};
/* End PBXGroup section */

/* Begin PBXHeadersBuildPhase section */
		2D73B21C26F0BD8B00EE7C1A /* Headers */ = {
			isa = PBXHeadersBuildPhase;
			buildActionMask = 2147483647;
			files = (
				2D73B22626F0BD8B00EE7C1A /* HtmlTextView.h in Headers */,
			);
			runOnlyForDeploymentPostprocessing = 0;
		};
/* End PBXHeadersBuildPhase section */

/* Begin PBXNativeTarget section */
		2D73B22026F0BD8B00EE7C1A /* HtmlTextView */ = {
			isa = PBXNativeTarget;
			buildConfigurationList = 2D73B22926F0BD8B00EE7C1A /* Build configuration list for PBXNativeTarget "HtmlTextView" */;
			buildPhases = (
				3DFD0BD5D695DD8F46D1D03B /* [CP] Check Pods Manifest.lock */,
				2D73B21C26F0BD8B00EE7C1A /* Headers */,
				2D73B21D26F0BD8B00EE7C1A /* Sources */,
				2D73B21E26F0BD8B00EE7C1A /* Frameworks */,
				2D73B21F26F0BD8B00EE7C1A /* Resources */,
			);
			buildRules = (
			);
			dependencies = (
			);
			name = HtmlTextView;
			productName = HtmlTextView;
			productReference = 2D73B22126F0BD8B00EE7C1A /* HtmlTextView.framework */;
			productType = "com.apple.product-type.framework";
		};
/* End PBXNativeTarget section */

/* Begin PBXProject section */
		2D73B21826F0BD8B00EE7C1A /* Project object */ = {
			isa = PBXProject;
			attributes = {
				LastUpgradeCheck = 1250;
				TargetAttributes = {
					2D73B22026F0BD8B00EE7C1A = {
						CreatedOnToolsVersion = 12.5.1;
						LastSwiftMigration = 1250;
					};
				};
			};
			buildConfigurationList = 2D73B21B26F0BD8B00EE7C1A /* Build configuration list for PBXProject "HtmlTextView" */;
			compatibilityVersion = "Xcode 9.3";
			developmentRegion = en;
			hasScannedForEncodings = 0;
			knownRegions = (
				en,
				Base,
			);
			mainGroup = 2D73B21726F0BD8B00EE7C1A;
			productRefGroup = 2D73B22226F0BD8B00EE7C1A /* Products */;
			projectDirPath = "";
			projectRoot = "";
			targets = (
				2D73B22026F0BD8B00EE7C1A /* HtmlTextView */,
			);
		};
/* End PBXProject section */

/* Begin PBXResourcesBuildPhase section */
		2D73B21F26F0BD8B00EE7C1A /* Resources */ = {
			isa = PBXResourcesBuildPhase;
			buildActionMask = 2147483647;
			files = (
			);
			runOnlyForDeploymentPostprocessing = 0;
		};
/* End PBXResourcesBuildPhase section */

/* Begin PBXShellScriptBuildPhase section */
		3DFD0BD5D695DD8F46D1D03B /* [CP] Check Pods Manifest.lock */ = {
			isa = PBXShellScriptBuildPhase;
			buildActionMask = 2147483647;
			files = (
			);
			inputFileListPaths = (
			);
			inputPaths = (
				"${PODS_PODFILE_DIR_PATH}/Podfile.lock",
				"${PODS_ROOT}/Manifest.lock",
			);
			name = "[CP] Check Pods Manifest.lock";
			outputFileListPaths = (
			);
			outputPaths = (
				"$(DERIVED_FILE_DIR)/Pods-HtmlTextView-checkManifestLockResult.txt",
			);
			runOnlyForDeploymentPostprocessing = 0;
			shellPath = /bin/sh;
			shellScript = "diff \"${PODS_PODFILE_DIR_PATH}/Podfile.lock\" \"${PODS_ROOT}/Manifest.lock\" > /dev/null\nif [ $? != 0 ] ; then\n    # print error to STDERR\n    echo \"error: The sandbox is not in sync with the Podfile.lock. Run 'pod install' or update your CocoaPods installation.\" >&2\n    exit 1\nfi\n# This output is used by Xcode 'outputs' to avoid re-running this script phase.\necho \"SUCCESS\" > \"${SCRIPT_OUTPUT_FILE_0}\"\n";
			showEnvVarsInLog = 0;
		};
/* End PBXShellScriptBuildPhase section */

/* Begin PBXSourcesBuildPhase section */
		2D73B21D26F0BD8B00EE7C1A /* Sources */ = {
			isa = PBXSourcesBuildPhase;
			buildActionMask = 2147483647;
			files = (
				2D73B22D26F0BDC800EE7C1A /* HtmlTextView.swift in Sources */,
			);
			runOnlyForDeploymentPostprocessing = 0;
		};
/* End PBXSourcesBuildPhase section */

/* Begin XCBuildConfiguration section */
		2D73B22726F0BD8B00EE7C1A /* Debug */ = {
			isa = XCBuildConfiguration;
			buildSettings = {
				ALWAYS_SEARCH_USER_PATHS = NO;
				CLANG_ANALYZER_NONNULL = YES;
				CLANG_ANALYZER_NUMBER_OBJECT_CONVERSION = YES_AGGRESSIVE;
				CLANG_CXX_LANGUAGE_STANDARD = "gnu++14";
				CLANG_CXX_LIBRARY = "libc++";
				CLANG_ENABLE_MODULES = YES;
				CLANG_ENABLE_OBJC_ARC = YES;
				CLANG_ENABLE_OBJC_WEAK = YES;
				CLANG_WARN_BLOCK_CAPTURE_AUTORELEASING = YES;
				CLANG_WARN_BOOL_CONVERSION = YES;
				CLANG_WARN_COMMA = YES;
				CLANG_WARN_CONSTANT_CONVERSION = YES;
				CLANG_WARN_DEPRECATED_OBJC_IMPLEMENTATIONS = YES;
				CLANG_WARN_DIRECT_OBJC_ISA_USAGE = YES_ERROR;
				CLANG_WARN_DOCUMENTATION_COMMENTS = YES;
				CLANG_WARN_EMPTY_BODY = YES;
				CLANG_WARN_ENUM_CONVERSION = YES;
				CLANG_WARN_INFINITE_RECURSION = YES;
				CLANG_WARN_INT_CONVERSION = YES;
				CLANG_WARN_NON_LITERAL_NULL_CONVERSION = YES;
				CLANG_WARN_OBJC_IMPLICIT_RETAIN_SELF = YES;
				CLANG_WARN_OBJC_LITERAL_CONVERSION = YES;
				CLANG_WARN_OBJC_ROOT_CLASS = YES_ERROR;
				CLANG_WARN_QUOTED_INCLUDE_IN_FRAMEWORK_HEADER = YES;
				CLANG_WARN_RANGE_LOOP_ANALYSIS = YES;
				CLANG_WARN_STRICT_PROTOTYPES = YES;
				CLANG_WARN_SUSPICIOUS_MOVE = YES;
				CLANG_WARN_UNGUARDED_AVAILABILITY = YES_AGGRESSIVE;
				CLANG_WARN_UNREACHABLE_CODE = YES;
				CLANG_WARN__DUPLICATE_METHOD_MATCH = YES;
				COPY_PHASE_STRIP = NO;
				CURRENT_PROJECT_VERSION = 1;
				DEBUG_INFORMATION_FORMAT = dwarf;
				ENABLE_STRICT_OBJC_MSGSEND = YES;
				ENABLE_TESTABILITY = YES;
				GCC_C_LANGUAGE_STANDARD = gnu11;
				GCC_DYNAMIC_NO_PIC = NO;
				GCC_NO_COMMON_BLOCKS = YES;
				GCC_OPTIMIZATION_LEVEL = 0;
				GCC_PREPROCESSOR_DEFINITIONS = (
					"DEBUG=1",
					"$(inherited)",
				);
				GCC_WARN_64_TO_32_BIT_CONVERSION = YES;
				GCC_WARN_ABOUT_RETURN_TYPE = YES_ERROR;
				GCC_WARN_UNDECLARED_SELECTOR = YES;
				GCC_WARN_UNINITIALIZED_AUTOS = YES_AGGRESSIVE;
				GCC_WARN_UNUSED_FUNCTION = YES;
				GCC_WARN_UNUSED_VARIABLE = YES;
				IPHONEOS_DEPLOYMENT_TARGET = 14.5;
				MTL_ENABLE_DEBUG_INFO = INCLUDE_SOURCE;
				MTL_FAST_MATH = YES;
				ONLY_ACTIVE_ARCH = YES;
				SDKROOT = iphoneos;
				SWIFT_ACTIVE_COMPILATION_CONDITIONS = DEBUG;
				SWIFT_OPTIMIZATION_LEVEL = "-Onone";
				VERSIONING_SYSTEM = "apple-generic";
				VERSION_INFO_PREFIX = "";
			};
			name = Debug;
		};
		2D73B22826F0BD8B00EE7C1A /* Release */ = {
			isa = XCBuildConfiguration;
			buildSettings = {
				ALWAYS_SEARCH_USER_PATHS = NO;
				CLANG_ANALYZER_NONNULL = YES;
				CLANG_ANALYZER_NUMBER_OBJECT_CONVERSION = YES_AGGRESSIVE;
				CLANG_CXX_LANGUAGE_STANDARD = "gnu++14";
				CLANG_CXX_LIBRARY = "libc++";
				CLANG_ENABLE_MODULES = YES;
				CLANG_ENABLE_OBJC_ARC = YES;
				CLANG_ENABLE_OBJC_WEAK = YES;
				CLANG_WARN_BLOCK_CAPTURE_AUTORELEASING = YES;
				CLANG_WARN_BOOL_CONVERSION = YES;
				CLANG_WARN_COMMA = YES;
				CLANG_WARN_CONSTANT_CONVERSION = YES;
				CLANG_WARN_DEPRECATED_OBJC_IMPLEMENTATIONS = YES;
				CLANG_WARN_DIRECT_OBJC_ISA_USAGE = YES_ERROR;
				CLANG_WARN_DOCUMENTATION_COMMENTS = YES;
				CLANG_WARN_EMPTY_BODY = YES;
				CLANG_WARN_ENUM_CONVERSION = YES;
				CLANG_WARN_INFINITE_RECURSION = YES;
				CLANG_WARN_INT_CONVERSION = YES;
				CLANG_WARN_NON_LITERAL_NULL_CONVERSION = YES;
				CLANG_WARN_OBJC_IMPLICIT_RETAIN_SELF = YES;
				CLANG_WARN_OBJC_LITERAL_CONVERSION = YES;
				CLANG_WARN_OBJC_ROOT_CLASS = YES_ERROR;
				CLANG_WARN_QUOTED_INCLUDE_IN_FRAMEWORK_HEADER = YES;
				CLANG_WARN_RANGE_LOOP_ANALYSIS = YES;
				CLANG_WARN_STRICT_PROTOTYPES = YES;
				CLANG_WARN_SUSPICIOUS_MOVE = YES;
				CLANG_WARN_UNGUARDED_AVAILABILITY = YES_AGGRESSIVE;
				CLANG_WARN_UNREACHABLE_CODE = YES;
				CLANG_WARN__DUPLICATE_METHOD_MATCH = YES;
				COPY_PHASE_STRIP = NO;
				CURRENT_PROJECT_VERSION = 1;
				DEBUG_INFORMATION_FORMAT = "dwarf-with-dsym";
				ENABLE_NS_ASSERTIONS = NO;
				ENABLE_STRICT_OBJC_MSGSEND = YES;
				GCC_C_LANGUAGE_STANDARD = gnu11;
				GCC_NO_COMMON_BLOCKS = YES;
				GCC_WARN_64_TO_32_BIT_CONVERSION = YES;
				GCC_WARN_ABOUT_RETURN_TYPE = YES_ERROR;
				GCC_WARN_UNDECLARED_SELECTOR = YES;
				GCC_WARN_UNINITIALIZED_AUTOS = YES_AGGRESSIVE;
				GCC_WARN_UNUSED_FUNCTION = YES;
				GCC_WARN_UNUSED_VARIABLE = YES;
				IPHONEOS_DEPLOYMENT_TARGET = 14.5;
				MTL_ENABLE_DEBUG_INFO = NO;
				MTL_FAST_MATH = YES;
				SDKROOT = iphoneos;
				SWIFT_COMPILATION_MODE = wholemodule;
				SWIFT_OPTIMIZATION_LEVEL = "-O";
				VALIDATE_PRODUCT = YES;
				VERSIONING_SYSTEM = "apple-generic";
				VERSION_INFO_PREFIX = "";
			};
			name = Release;
		};
		2D73B22A26F0BD8B00EE7C1A /* Debug */ = {
			isa = XCBuildConfiguration;
			baseConfigurationReference = 6EA2651AFF60F46E86BCD359 /* Pods-HtmlTextView.debug.xcconfig */;
			buildSettings = {
				CLANG_ENABLE_MODULES = YES;
				CODE_SIGN_STYLE = Automatic;
				DEFINES_MODULE = YES;
				DEVELOPMENT_TEAM = MFQXK558D5;
				DYLIB_COMPATIBILITY_VERSION = 1;
				DYLIB_CURRENT_VERSION = 1;
				DYLIB_INSTALL_NAME_BASE = "@rpath";
				INFOPLIST_FILE = HtmlTextView/Info.plist;
				INSTALL_PATH = "$(LOCAL_LIBRARY_DIR)/Frameworks";
				LD_RUNPATH_SEARCH_PATHS = (
					"$(inherited)",
					"@executable_path/Frameworks",
					"@loader_path/Frameworks",
				);
				PRODUCT_BUNDLE_IDENTIFIER = com.indratir.HtmlTextView;
				PRODUCT_NAME = "$(TARGET_NAME:c99extidentifier)";
				SKIP_INSTALL = YES;
				SWIFT_OPTIMIZATION_LEVEL = "-Onone";
				SWIFT_VERSION = 5.0;
				TARGETED_DEVICE_FAMILY = "1,2";
			};
			name = Debug;
		};
		2D73B22B26F0BD8B00EE7C1A /* Release */ = {
			isa = XCBuildConfiguration;
			baseConfigurationReference = 85F11D81BE4CD9C0F2AAA075 /* Pods-HtmlTextView.release.xcconfig */;
			buildSettings = {
				CLANG_ENABLE_MODULES = YES;
				CODE_SIGN_STYLE = Automatic;
				DEFINES_MODULE = YES;
				DEVELOPMENT_TEAM = MFQXK558D5;
				DYLIB_COMPATIBILITY_VERSION = 1;
				DYLIB_CURRENT_VERSION = 1;
				DYLIB_INSTALL_NAME_BASE = "@rpath";
				INFOPLIST_FILE = HtmlTextView/Info.plist;
				INSTALL_PATH = "$(LOCAL_LIBRARY_DIR)/Frameworks";
				LD_RUNPATH_SEARCH_PATHS = (
					"$(inherited)",
					"@executable_path/Frameworks",
					"@loader_path/Frameworks",
				);
				PRODUCT_BUNDLE_IDENTIFIER = com.indratir.HtmlTextView;
				PRODUCT_NAME = "$(TARGET_NAME:c99extidentifier)";
				SKIP_INSTALL = YES;
				SWIFT_VERSION = 5.0;
				TARGETED_DEVICE_FAMILY = "1,2";
			};
			name = Release;
		};
/* End XCBuildConfiguration section */

/* Begin XCConfigurationList section */
		2D73B21B26F0BD8B00EE7C1A /* Build configuration list for PBXProject "HtmlTextView" */ = {
			isa = XCConfigurationList;
			buildConfigurations = (
				2D73B22726F0BD8B00EE7C1A /* Debug */,
				2D73B22826F0BD8B00EE7C1A /* Release */,
			);
			defaultConfigurationIsVisible = 0;
			defaultConfigurationName = Release;
		};
		2D73B22926F0BD8B00EE7C1A /* Build configuration list for PBXNativeTarget "HtmlTextView" */ = {
			isa = XCConfigurationList;
			buildConfigurations = (
				2D73B22A26F0BD8B00EE7C1A /* Debug */,
				2D73B22B26F0BD8B00EE7C1A /* Release */,
			);
			defaultConfigurationIsVisible = 0;
			defaultConfigurationName = Release;
		};
/* End XCConfigurationList section */
	};
	rootObject = 2D73B21826F0BD8B00EE7C1A /* Project object */;
}
